
Microsoft Visual Studio Solution File, Format Version 12.00
# Visual Studio Version 18
VisualStudioVersion = 18.5.11723.231
MinimumVisualStudioVersion = 10.0.40219.1
Project("{9A19103F-16F7-4668-BE54-9A1E7A4F7556}") = "Unosquare.FFME.Windows", "Unosquare.FFME.Windows\Unosquare.FFME.Windows.csproj", "{A6EB99A6-AAE2-4E6E-AB9E-93992CE5B84D}"
EndProject
Project("{9A19103F-16F7-4668-BE54-9A1E7A4F7556}") = "Unosquare.FFME.Windows.Sample", "Unosquare.FFME.Windows.Sample\Unosquare.FFME.Windows.Sample.csproj", "{DC7D71DA-3D51-4252-BFC8-52CA269A311F}"
EndProject
Project("{9A19103F-16F7-4668-BE54-9A1E7A4F7556}") = "Unosquare.FFME.Tests", "Unosquare.FFME.Tests\Unosquare.FFME.Tests.csproj", "{B8E4C2D6-F1A3-4E9B-82C5-7D0F3A1E6B94}"
EndProject
Project("{2150E333-8FDC-42A3-9474-1A3956D46DE8}") = "Support", "Support", "{8BF26916-5094-4A04-B148-C19DCCC53A95}"
	ProjectSection(SolutionItems) = preProject
		.gitignore = .gitignore
		Support\ffme.png = Support\ffme.png
		Support\ffmeplay.png = Support\ffmeplay.png
		LICENSE = LICENSE
		README.md = README.md
	EndProjectSection
EndProject
Project("{9A19103F-16F7-4668-BE54-9A1E7A4F7556}") = "Unosquare.FFME", "Unosquare.FFME\Unosquare.FFME.csproj", "{B14A1CD8-E4E8-44E1-805A-66D0FAFC6263}"
EndProject
Project("{2150E333-8FDC-42A3-9474-1A3956D46DE8}") = "Solution Items", "Solution Items", "{921C3152-82C5-4E30-AABC-3C0B0E91DE02}"
	ProjectSection(SolutionItems) = preProject
		.editorconfig = .editorconfig
		project-structure.md = project-structure.md
	EndProjectSection
EndProject
Project("{FAE04EC0-301F-11D3-BF4B-00C04F79EFBC}") = "Unosquare.FFME.Benchmarks", "Unosquare.FFME.Benchmarks\Unosquare.FFME.Benchmarks.csproj", "{1AB696C7-7D4E-47B2-9B5A-CD18D91FC152}"
EndProject
Global
	GlobalSection(SolutionConfigurationPlatforms) = preSolution
		Debug|Any CPU = Debug|Any CPU
		Debug|ARM = Debug|ARM
		Debug|ARM64 = Debug|ARM64
		Debug|x64 = Debug|x64
		Debug|x86 = Debug|x86
		Release|Any CPU = Release|Any CPU
		Release|ARM = Release|ARM
		Release|ARM64 = Release|ARM64
		Release|x64 = Release|x64
		Release|x86 = Release|x86
	EndGlobalSection
	GlobalSection(ProjectConfigurationPlatforms) = postSolution
		{A6EB99A6-AAE2-4E6E-AB9E-93992CE5B84D}.Debug|Any CPU.ActiveCfg = Debug|Any CPU
		{A6EB99A6-AAE2-4E6E-AB9E-93992CE5B84D}.Debug|Any CPU.Build.0 = Debug|Any CPU
		{A6EB99A6-AAE2-4E6E-AB9E-93992CE5B84D}.Debug|ARM.ActiveCfg = Debug|Any CPU
		{A6EB99A6-AAE2-4E6E-AB9E-93992CE5B84D}.Debug|ARM.Build.0 = Debug|Any CPU
		{A6EB99A6-AAE2-4E6E-AB9E-93992CE5B84D}.Debug|ARM64.ActiveCfg = Debug|Any CPU
		{A6EB99A6-AAE2-4E6E-AB9E-93992CE5B84D}.Debug|ARM64.Build.0 = Debug|Any CPU
		{A6EB99A6-AAE2-4E6E-AB9E-93992CE5B84D}.Debug|x64.ActiveCfg = Debug|Any CPU
		{A6EB99A6-AAE2-4E6E-AB9E-93992CE5B84D}.Debug|x64.Build.0 = Debug|Any CPU
		{A6EB99A6-AAE2-4E6E-AB9E-93992CE5B84D}.Debug|x86.ActiveCfg = Debug|Any CPU
		{A6EB99A6-AAE2-4E6E-AB9E-93992CE5B84D}.Debug|x86.Build.0 = Debug|Any CPU
		{A6EB99A6-AAE2-4E6E-AB9E-93992CE5B84D}.Release|Any CPU.ActiveCfg = Release|Any CPU
		{A6EB99A6-AAE2-4E6E-AB9E-93992CE5B84D}.Release|Any CPU.Build.0 = Release|Any CPU
		{A6EB99A6-AAE2-4E6E-AB9E-93992CE5B84D}.Release|ARM.ActiveCfg = Release|Any CPU
		{A6EB99A6-AAE2-4E6E-AB9E-93992CE5B84D}.Release|ARM.Build.0 = Release|Any CPU
		{A6EB99A6-AAE2-4E6E-AB9E-93992CE5B84D}.Release|ARM64.ActiveCfg = Release|Any CPU
		{A6EB99A6-AAE2-4E6E-AB9E-93992CE5B84D}.Release|ARM64.Build.0 = Release|Any CPU
		{A6EB99A6-AAE2-4E6E-AB9E-93992CE5B84D}.Release|x64.ActiveCfg = Release|Any CPU
		{A6EB99A6-AAE2-4E6E-AB9E-93992CE5B84D}.Release|x64.Build.0 = Release|Any CPU
		{A6EB99A6-AAE2-4E6E-AB9E-93992CE5B84D}.Release|x86.ActiveCfg = Release|Any CPU
		{A6EB99A6-AAE2-4E6E-AB9E-93992CE5B84D}.Release|x86.Build.0 = Release|Any CPU
		{DC7D71DA-3D51-4252-BFC8-52CA269A311F}.Debug|Any CPU.ActiveCfg = Debug|Any CPU
		{DC7D71DA-3D51-4252-BFC8-52CA269A311F}.Debug|Any CPU.Build.0 = Debug|Any CPU
		{DC7D71DA-3D51-4252-BFC8-52CA269A311F}.Debug|ARM.ActiveCfg = Debug|Any CPU
		{DC7D71DA-3D51-4252-BFC8-52CA269A311F}.Debug|ARM.Build.0 = Debug|Any CPU
		{DC7D71DA-3D51-4252-BFC8-52CA269A311F}.Debug|ARM64.ActiveCfg = Debug|Any CPU
		{DC7D71DA-3D51-4252-BFC8-52CA269A311F}.Debug|ARM64.Build.0 = Debug|Any CPU
		{DC7D71DA-3D51-4252-BFC8-52CA269A311F}.Debug|x64.ActiveCfg = Debug|Any CPU
		{DC7D71DA-3D51-4252-BFC8-52CA269A311F}.Debug|x64.Build.0 = Debug|Any CPU
		{DC7D71DA-3D51-4252-BFC8-52CA269A311F}.Debug|x86.ActiveCfg = Debug|Any CPU
		{DC7D71DA-3D51-4252-BFC8-52CA269A311F}.Debug|x86.Build.0 = Debug|Any CPU
		{DC7D71DA-3D51-4252-BFC8-52CA269A311F}.Release|Any CPU.ActiveCfg = Release|Any CPU
		{DC7D71DA-3D51-4252-BFC8-52CA269A311F}.Release|Any CPU.Build.0 = Release|Any CPU
		{DC7D71DA-3D51-4252-BFC8-52CA269A311F}.Release|ARM.ActiveCfg = Release|Any CPU
		{DC7D71DA-3D51-4252-BFC8-52CA269A311F}.Release|ARM.Build.0 = Release|Any CPU
		{DC7D71DA-3D51-4252-BFC8-52CA269A311F}.Release|ARM64.ActiveCfg = Release|Any CPU
		{DC7D71DA-3D51-4252-BFC8-52CA269A311F}.Release|ARM64.Build.0 = Release|Any CPU
		{DC7D71DA-3D51-4252-BFC8-52CA269A311F}.Release|x64.ActiveCfg = Release|Any CPU
		{DC7D71DA-3D51-4252-BFC8-52CA269A311F}.Release|x64.Build.0 = Release|Any CPU
		{DC7D71DA-3D51-4252-BFC8-52CA269A311F}.Release|x86.ActiveCfg = Release|Any CPU
		{DC7D71DA-3D51-4252-BFC8-52CA269A311F}.Release|x86.Build.0 = Release|Any CPU
		{B8E4C2D6-F1A3-4E9B-82C5-7D0F3A1E6B94}.Debug|Any CPU.ActiveCfg = Debug|Any CPU
		{B8E4C2D6-F1A3-4E9B-82C5-7D0F3A1E6B94}.Debug|Any CPU.Build.0 = Debug|Any CPU
		{B8E4C2D6-F1A3-4E9B-82C5-7D0F3A1E6B94}.Debug|ARM.ActiveCfg = Debug|Any CPU
		{B8E4C2D6-F1A3-4E9B-82C5-7D0F3A1E6B94}.Debug|ARM.Build.0 = Debug|Any CPU
		{B8E4C2D6-F1A3-4E9B-82C5-7D0F3A1E6B94}.Debug|ARM64.ActiveCfg = Debug|Any CPU
		{B8E4C2D6-F1A3-4E9B-82C5-7D0F3A1E6B94}.Debug|ARM64.Build.0 = Debug|Any CPU
		{B8E4C2D6-F1A3-4E9B-82C5-7D0F3A1E6B94}.Debug|x64.ActiveCfg = Debug|Any CPU
		{B8E4C2D6-F1A3-4E9B-82C5-7D0F3A1E6B94}.Debug|x64.Build.0 = Debug|Any CPU
		{B8E4C2D6-F1A3-4E9B-82C5-7D0F3A1E6B94}.Debug|x86.ActiveCfg = Debug|Any CPU
		{B8E4C2D6-F1A3-4E9B-82C5-7D0F3A1E6B94}.Debug|x86.Build.0 = Debug|Any CPU
		{B8E4C2D6-F1A3-4E9B-82C5-7D0F3A1E6B94}.Release|Any CPU.ActiveCfg = Debug|Any CPU
		{B8E4C2D6-F1A3-4E9B-82C5-7D0F3A1E6B94}.Release|Any CPU.Build.0 = Debug|Any CPU
		{B8E4C2D6-F1A3-4E9B-82C5-7D0F3A1E6B94}.Release|ARM.ActiveCfg = Debug|Any CPU
		{B8E4C2D6-F1A3-4E9B-82C5-7D0F3A1E6B94}.Release|ARM.Build.0 = Debug|Any CPU
		{B8E4C2D6-F1A3-4E9B-82C5-7D0F3A1E6B94}.Release|ARM64.ActiveCfg = Debug|Any CPU
		{B8E4C2D6-F1A3-4E9B-82C5-7D0F3A1E6B94}.Release|ARM64.Build.0 = Debug|Any CPU
		{B8E4C2D6-F1A3-4E9B-82C5-7D0F3A1E6B94}.Release|x64.ActiveCfg = Debug|Any CPU
		{B8E4C2D6-F1A3-4E9B-82C5-7D0F3A1E6B94}.Release|x64.Build.0 = Debug|Any CPU
		{B8E4C2D6-F1A3-4E9B-82C5-7D0F3A1E6B94}.Release|x86.ActiveCfg = Debug|Any CPU
		{B8E4C2D6-F1A3-4E9B-82C5-7D0F3A1E6B94}.Release|x86.Build.0 = Debug|Any CPU
		{B14A1CD8-E4E8-44E1-805A-66D0FAFC6263}.Debug|Any CPU.ActiveCfg = Debug|Any CPU
		{B14A1CD8-E4E8-44E1-805A-66D0FAFC6263}.Debug|Any CPU.Build.0 = Debug|Any CPU
		{B14A1CD8-E4E8-44E1-805A-66D0FAFC6263}.Debug|ARM.ActiveCfg = Debug|Any CPU
		{B14A1CD8-E4E8-44E1-805A-66D0FAFC6263}.Debug|ARM.Build.0 = Debug|Any CPU
		{B14A1CD8-E4E8-44E1-805A-66D0FAFC6263}.Debug|ARM64.ActiveCfg = Debug|Any CPU
		{B14A1CD8-E4E8-44E1-805A-66D0FAFC6263}.Debug|ARM64.Build.0 = Debug|Any CPU
		{B14A1CD8-E4E8-44E1-805A-66D0FAFC6263}.Debug|x64.ActiveCfg = Debug|Any CPU
		{B14A1CD8-E4E8-44E1-805A-66D0FAFC6263}.Debug|x64.Build.0 = Debug|Any CPU
		{B14A1CD8-E4E8-44E1-805A-66D0FAFC6263}.Debug|x86.ActiveCfg = Debug|Any CPU
		{B14A1CD8-E4E8-44E1-805A-66D0FAFC6263}.Debug|x86.Build.0 = Debug|Any CPU
		{B14A1CD8-E4E8-44E1-805A-66D0FAFC6263}.Release|Any CPU.ActiveCfg = Release|Any CPU
		{B14A1CD8-E4E8-44E1-805A-66D0FAFC6263}.Release|Any CPU.Build.0 = Release|Any CPU
		{B14A1CD8-E4E8-44E1-805A-66D0FAFC6263}.Release|ARM.ActiveCfg = Release|Any CPU
		{B14A1CD8-E4E8-44E1-805A-66D0FAFC6263}.Release|ARM.Build.0 = Release|Any CPU
		{B14A1CD8-E4E8-44E1-805A-66D0FAFC6263}.Release|ARM64.ActiveCfg = Release|Any CPU
		{B14A1CD8-E4E8-44E1-805A-66D0FAFC6263}.Release|ARM64.Build.0 = Release|Any CPU
		{B14A1CD8-E4E8-44E1-805A-66D0FAFC6263}.Release|x64.ActiveCfg = Release|Any CPU
		{B14A1CD8-E4E8-44E1-805A-66D0FAFC6263}.Release|x64.Build.0 = Release|Any CPU
		{B14A1CD8-E4E8-44E1-805A-66D0FAFC6263}.Release|x86.ActiveCfg = Release|Any CPU
		{B14A1CD8-E4E8-44E1-805A-66D0FAFC6263}.Release|x86.Build.0 = Release|Any CPU
		{1AB696C7-7D4E-47B2-9B5A-CD18D91FC152}.Debug|Any CPU.ActiveCfg = Debug|Any CPU
		{1AB696C7-7D4E-47B2-9B5A-CD18D91FC152}.Debug|Any CPU.Build.0 = Debug|Any CPU
		{1AB696C7-7D4E-47B2-9B5A-CD18D91FC152}.Debug|ARM.ActiveCfg = Debug|Any CPU
		{1AB696C7-7D4E-47B2-9B5A-CD18D91FC152}.Debug|ARM.Build.0 = Debug|Any CPU
		{1AB696C7-7D4E-47B2-9B5A-CD18D91FC152}.Debug|ARM64.ActiveCfg = Debug|Any CPU
		{1AB696C7-7D4E-47B2-9B5A-CD18D91FC152}.Debug|ARM64.Build.0 = Debug|Any CPU
		{1AB696C7-7D4E-47B2-9B5A-CD18D91FC152}.Debug|x64.ActiveCfg = Debug|Any CPU
		{1AB696C7-7D4E-47B2-9B5A-CD18D91FC152}.Debug|x64.Build.0 = Debug|Any CPU
		{1AB696C7-7D4E-47B2-9B5A-CD18D91FC152}.Debug|x86.ActiveCfg = Debug|Any CPU
		{1AB696C7-7D4E-47B2-9B5A-CD18D91FC152}.Debug|x86.Build.0 = Debug|Any CPU
		{1AB696C7-7D4E-47B2-9B5A-CD18D91FC152}.Release|Any CPU.ActiveCfg = Release|Any CPU
		{1AB696C7-7D4E-47B2-9B5A-CD18D91FC152}.Release|Any CPU.Build.0 = Release|Any CPU
		{1AB696C7-7D4E-47B2-9B5A-CD18D91FC152}.Release|ARM.ActiveCfg = Release|Any CPU
		{1AB696C7-7D4E-47B2-9B5A-CD18D91FC152}.Release|ARM.Build.0 = Release|Any CPU
		{1AB696C7-7D4E-47B2-9B5A-CD18D91FC152}.Release|ARM64.ActiveCfg = Release|Any CPU
		{1AB696C7-7D4E-47B2-9B5A-CD18D91FC152}.Release|ARM64.Build.0 = Release|Any CPU
		{1AB696C7-7D4E-47B2-9B5A-CD18D91FC152}.Release|x64.ActiveCfg = Release|Any CPU
		{1AB696C7-7D4E-47B2-9B5A-CD18D91FC152}.Release|x64.Build.0 = Release|Any CPU
		{1AB696C7-7D4E-47B2-9B5A-CD18D91FC152}.Release|x86.ActiveCfg = Release|Any CPU
		{1AB696C7-7D4E-47B2-9B5A-CD18D91FC152}.Release|x86.Build.0 = Release|Any CPU
	EndGlobalSection
	GlobalSection(SolutionProperties) = preSolution
		HideSolutionNode = FALSE
	EndGlobalSection
	GlobalSection(ExtensibilityGlobals) = postSolution
		SolutionGuid = {7E89E3EA-B5D6-4E75-8B7F-C1ED0D05D7D8}
	EndGlobalSection
	GlobalSection(Performance) = preSolution
		HasPerformanceSessions = true
	EndGlobalSection
EndGlobal
